
Microsoft Visual Studio Solution File, Format Version 11.00
# Visual Studio 2010
Project("{FAE04EC0-301F-11D3-BF4B-00C04F79EFBC}") = "MoreMountains.Feedbacks", "MoreMountains.Feedbacks.csproj", "{F6DD5393-3818-46E0-2CF8-98AECA90F0B1}"
EndProject
Project("{FAE04EC0-301F-11D3-BF4B-00C04F79EFBC}") = "MoreMountains.CorgiEngine", "MoreMountains.CorgiEngine.csproj", "{C3E88D8A-5314-2CB9-98B6-DB85CD2D29F6}"
EndProject
Project("{FAE04EC0-301F-11D3-BF4B-00C04F79EFBC}") = "MoreMountains.Tools", "MoreMountains.Tools.csproj", "{743214BE-D5D4-4F01-7305-7FF28095688F}"
EndProject
Project("{FAE04EC0-301F-11D3-BF4B-00C04F79EFBC}") = "MoreMountains.InventoryEngine", "MoreMountains.InventoryEngine.csproj", "{C83AEE11-0770-C34C-C49D-7A99750ADE23}"
EndProject
Project("{FAE04EC0-301F-11D3-BF4B-00C04F79EFBC}") = "MoreMountains.Feedbacks.URP", "MoreMountains.Feedbacks.URP.csproj", "{4EDEC375-2C4F-DCBF-D5D7-692A3B0064A4}"
EndProject
Project("{FAE04EC0-301F-11D3-BF4B-00C04F79EFBC}") = "MoreMountains.Feedbacks.NiceVibrations", "MoreMountains.Feedbacks.NiceVibrations.csproj", "{259608A2-77DC-6906-7EDE-717D0719C1A6}"
EndProject
Project("{FAE04EC0-301F-11D3-BF4B-00C04F79EFBC}") = "MoreMountains.Feedbacks.PostProcessing", "MoreMountains.Feedbacks.PostProcessing.csproj", "{10B19AF7-1795-625F-8889-2034FA071FFA}"
EndProject
Project("{FAE04EC0-301F-11D3-BF4B-00C04F79EFBC}") = "MoreMountains.Feedbacks.MMTools", "MoreMountains.Feedbacks.MMTools.csproj", "{4214E8D3-8F32-5889-3594-E12DF0D01B3E}"
EndProject
Project("{FAE04EC0-301F-11D3-BF4B-00C04F79EFBC}") = "MoreMountains.Feedbacks.TextMeshPro", "MoreMountains.Feedbacks.TextMeshPro.csproj", "{359221D5-362A-EF10-CA98-FB7627F2F166}"
EndProject
Project("{FAE04EC0-301F-11D3-BF4B-00C04F79EFBC}") = "MoreMountains.Feedbacks.HDRP", "MoreMountains.Feedbacks.HDRP.csproj", "{22BCD200-D3B7-D897-0F9D-FB23CBBBAD14}"
EndProject
Project("{FAE04EC0-301F-11D3-BF4B-00C04F79EFBC}") = "MoreMountains.Interface", "MoreMountains.Interface.csproj", "{EC7DD634-42CE-0ECA-02E5-D2BF18E3E7F3}"
EndProject
Project("{FAE04EC0-301F-11D3-BF4B-00C04F79EFBC}") = "MoreMountains.CorgiEngine.InputSystem", "MoreMountains.CorgiEngine.InputSystem.csproj", "{8E846DA4-B303-2324-7760-F2950B4B5685}"
EndProject
Project("{FAE04EC0-301F-11D3-BF4B-00C04F79EFBC}") = "MoreMountains.Feedbacks.Cinemachine", "MoreMountains.Feedbacks.Cinemachine.csproj", "{9ED2F902-8FA3-C51D-33F3-E22786BD30F0}"
EndProject
Project("{FAE04EC0-301F-11D3-BF4B-00C04F79EFBC}") = "Assembly-CSharp-firstpass", "Assembly-CSharp-firstpass.csproj", "{8D593F6E-D6E9-640E-195E-E1D8A2C116C9}"
EndProject
Project("{FAE04EC0-301F-11D3-BF4B-00C04F79EFBC}") = "MoreMountains.Feedbacks.Authorizations", "MoreMountains.Feedbacks.Authorizations.csproj", "{A7994E87-D586-50C4-FCCB-A6E51A0D26D7}"
EndProject
Project("{FAE04EC0-301F-11D3-BF4B-00C04F79EFBC}") = "MoreMountains.Tools.Editor", "MoreMountains.Tools.Editor.csproj", "{B774D125-B78D-BF74-35CC-F11A181CF34D}"
EndProject
Project("{FAE04EC0-301F-11D3-BF4B-00C04F79EFBC}") = "MoreMountains.InventoryEngine.Editor", "MoreMountains.InventoryEngine.Editor.csproj", "{98D570E4-BA5B-9686-1B23-6425C8BA0E95}"
EndProject
Project("{FAE04EC0-301F-11D3-BF4B-00C04F79EFBC}") = "MoreMountains.Feedbacks.Editor", "MoreMountains.Feedbacks.Editor.csproj", "{E5405C5E-E7E0-E2F3-A0BA-AE55A26A3EF9}"
EndProject
Project("{FAE04EC0-301F-11D3-BF4B-00C04F79EFBC}") = "MoreMountains.CorgiEngine.Editor", "MoreMountains.CorgiEngine.Editor.csproj", "{B8A8C908-5FD3-E000-3977-C730E801BCCD}"
EndProject
Project("{FAE04EC0-301F-11D3-BF4B-00C04F79EFBC}") = "MoreMountains.Interface.Editor", "MoreMountains.Interface.Editor.csproj", "{6BDDCB0D-9AF4-50B3-48F1-9471981F5743}"
EndProject
Global
	GlobalSection(SolutionConfigurationPlatforms) = preSolution
		Debug|Any CPU = Debug|Any CPU
		Release|Any CPU = Release|Any CPU
	EndGlobalSection
	GlobalSection(ProjectConfigurationPlatforms) = postSolution
		{F6DD5393-3818-46E0-2CF8-98AECA90F0B1}.Debug|Any CPU.ActiveCfg = Debug|Any CPU
		{F6DD5393-3818-46E0-2CF8-98AECA90F0B1}.Debug|Any CPU.Build.0 = Debug|Any CPU
		{F6DD5393-3818-46E0-2CF8-98AECA90F0B1}.Release|Any CPU.ActiveCfg = Release|Any CPU
		{F6DD5393-3818-46E0-2CF8-98AECA90F0B1}.Release|Any CPU.Build.0 = Release|Any CPU
		{C3E88D8A-5314-2CB9-98B6-DB85CD2D29F6}.Debug|Any CPU.ActiveCfg = Debug|Any CPU
		{C3E88D8A-5314-2CB9-98B6-DB85CD2D29F6}.Debug|Any CPU.Build.0 = Debug|Any CPU
		{C3E88D8A-5314-2CB9-98B6-DB85CD2D29F6}.Release|Any CPU.ActiveCfg = Release|Any CPU
		{C3E88D8A-5314-2CB9-98B6-DB85CD2D29F6}.Release|Any CPU.Build.0 = Release|Any CPU
		{743214BE-D5D4-4F01-7305-7FF28095688F}.Debug|Any CPU.ActiveCfg = Debug|Any CPU
		{743214BE-D5D4-4F01-7305-7FF28095688F}.Debug|Any CPU.Build.0 = Debug|Any CPU
		{743214BE-D5D4-4F01-7305-7FF28095688F}.Release|Any CPU.ActiveCfg = Release|Any CPU
		{743214BE-D5D4-4F01-7305-7FF28095688F}.Release|Any CPU.Build.0 = Release|Any CPU
		{C83AEE11-0770-C34C-C49D-7A99750ADE23}.Debug|Any CPU.ActiveCfg = Debug|Any CPU
		{C83AEE11-0770-C34C-C49D-7A99750ADE23}.Debug|Any CPU.Build.0 = Debug|Any CPU
		{C83AEE11-0770-C34C-C49D-7A99750ADE23}.Release|Any CPU.ActiveCfg = Release|Any CPU
		{C83AEE11-0770-C34C-C49D-7A99750ADE23}.Release|Any CPU.Build.0 = Release|Any CPU
		{4EDEC375-2C4F-DCBF-D5D7-692A3B0064A4}.Debug|Any CPU.ActiveCfg = Debug|Any CPU
		{4EDEC375-2C4F-DCBF-D5D7-692A3B0064A4}.Debug|Any CPU.Build.0 = Debug|Any CPU
		{4EDEC375-2C4F-DCBF-D5D7-692A3B0064A4}.Release|Any CPU.ActiveCfg = Release|Any CPU
		{4EDEC375-2C4F-DCBF-D5D7-692A3B0064A4}.Release|Any CPU.Build.0 = Release|Any CPU
		{259608A2-77DC-6906-7EDE-717D0719C1A6}.Debug|Any CPU.ActiveCfg = Debug|Any CPU
		{259608A2-77DC-6906-7EDE-717D0719C1A6}.Debug|Any CPU.Build.0 = Debug|Any CPU
		{259608A2-77DC-6906-7EDE-717D0719C1A6}.Release|Any CPU.ActiveCfg = Release|Any CPU
		{259608A2-77DC-6906-7EDE-717D0719C1A6}.Release|Any CPU.Build.0 = Release|Any CPU
		{10B19AF7-1795-625F-8889-2034FA071FFA}.Debug|Any CPU.ActiveCfg = Debug|Any CPU
		{10B19AF7-1795-625F-8889-2034FA071FFA}.Debug|Any CPU.Build.0 = Debug|Any CPU
		{10B19AF7-1795-625F-8889-2034FA071FFA}.Release|Any CPU.ActiveCfg = Release|Any CPU
		{10B19AF7-1795-625F-8889-2034FA071FFA}.Release|Any CPU.Build.0 = Release|Any CPU
		{4214E8D3-8F32-5889-3594-E12DF0D01B3E}.Debug|Any CPU.ActiveCfg = Debug|Any CPU
		{4214E8D3-8F32-5889-3594-E12DF0D01B3E}.Debug|Any CPU.Build.0 = Debug|Any CPU
		{4214E8D3-8F32-5889-3594-E12DF0D01B3E}.Release|Any CPU.ActiveCfg = Release|Any CPU
		{4214E8D3-8F32-5889-3594-E12DF0D01B3E}.Release|Any CPU.Build.0 = Release|Any CPU
		{359221D5-362A-EF10-CA98-FB7627F2F166}.Debug|Any CPU.ActiveCfg = Debug|Any CPU
		{359221D5-362A-EF10-CA98-FB7627F2F166}.Debug|Any CPU.Build.0 = Debug|Any CPU
		{359221D5-362A-EF10-CA98-FB7627F2F166}.Release|Any CPU.ActiveCfg = Release|Any CPU
		{359221D5-362A-EF10-CA98-FB7627F2F166}.Release|Any CPU.Build.0 = Release|Any CPU
		{22BCD200-D3B7-D897-0F9D-FB23CBBBAD14}.Debug|Any CPU.ActiveCfg = Debug|Any CPU
		{22BCD200-D3B7-D897-0F9D-FB23CBBBAD14}.Debug|Any CPU.Build.0 = Debug|Any CPU
		{22BCD200-D3B7-D897-0F9D-FB23CBBBAD14}.Release|Any CPU.ActiveCfg = Release|Any CPU
		{22BCD200-D3B7-D897-0F9D-FB23CBBBAD14}.Release|Any CPU.Build.0 = Release|Any CPU
		{EC7DD634-42CE-0ECA-02E5-D2BF18E3E7F3}.Debug|Any CPU.ActiveCfg = Debug|Any CPU
		{EC7DD634-42CE-0ECA-02E5-D2BF18E3E7F3}.Debug|Any CPU.Build.0 = Debug|Any CPU
		{EC7DD634-42CE-0ECA-02E5-D2BF18E3E7F3}.Release|Any CPU.ActiveCfg = Release|Any CPU
		{EC7DD634-42CE-0ECA-02E5-D2BF18E3E7F3}.Release|Any CPU.Build.0 = Release|Any CPU
		{8E846DA4-B303-2324-7760-F2950B4B5685}.Debug|Any CPU.ActiveCfg = Debug|Any CPU
		{8E846DA4-B303-2324-7760-F2950B4B5685}.Debug|Any CPU.Build.0 = Debug|Any CPU
		{8E846DA4-B303-2324-7760-F2950B4B5685}.Release|Any CPU.ActiveCfg = Release|Any CPU
		{8E846DA4-B303-2324-7760-F2950B4B5685}.Release|Any CPU.Build.0 = Release|Any CPU
		{9ED2F902-8FA3-C51D-33F3-E22786BD30F0}.Debug|Any CPU.ActiveCfg = Debug|Any CPU
		{9ED2F902-8FA3-C51D-33F3-E22786BD30F0}.Debug|Any CPU.Build.0 = Debug|Any CPU
		{9ED2F902-8FA3-C51D-33F3-E22786BD30F0}.Release|Any CPU.ActiveCfg = Release|Any CPU
		{9ED2F902-8FA3-C51D-33F3-E22786BD30F0}.Release|Any CPU.Build.0 = Release|Any CPU
		{8D593F6E-D6E9-640E-195E-E1D8A2C116C9}.Debug|Any CPU.ActiveCfg = Debug|Any CPU
		{8D593F6E-D6E9-640E-195E-E1D8A2C116C9}.Debug|Any CPU.Build.0 = Debug|Any CPU
		{8D593F6E-D6E9-640E-195E-E1D8A2C116C9}.Release|Any CPU.ActiveCfg = Release|Any CPU
		{8D593F6E-D6E9-640E-195E-E1D8A2C116C9}.Release|Any CPU.Build.0 = Release|Any CPU
		{A7994E87-D586-50C4-FCCB-A6E51A0D26D7}.Debug|Any CPU.ActiveCfg = Debug|Any CPU
		{A7994E87-D586-50C4-FCCB-A6E51A0D26D7}.Debug|Any CPU.Build.0 = Debug|Any CPU
		{A7994E87-D586-50C4-FCCB-A6E51A0D26D7}.Release|Any CPU.ActiveCfg = Release|Any CPU
		{A7994E87-D586-50C4-FCCB-A6E51A0D26D7}.Release|Any CPU.Build.0 = Release|Any CPU
		{B774D125-B78D-BF74-35CC-F11A181CF34D}.Debug|Any CPU.ActiveCfg = Debug|Any CPU
		{B774D125-B78D-BF74-35CC-F11A181CF34D}.Debug|Any CPU.Build.0 = Debug|Any CPU
		{B774D125-B78D-BF74-35CC-F11A181CF34D}.Release|Any CPU.ActiveCfg = Release|Any CPU
		{B774D125-B78D-BF74-35CC-F11A181CF34D}.Release|Any CPU.Build.0 = Release|Any CPU
		{98D570E4-BA5B-9686-1B23-6425C8BA0E95}.Debug|Any CPU.ActiveCfg = Debug|Any CPU
		{98D570E4-BA5B-9686-1B23-6425C8BA0E95}.Debug|Any CPU.Build.0 = Debug|Any CPU
		{98D570E4-BA5B-9686-1B23-6425C8BA0E95}.Release|Any CPU.ActiveCfg = Release|Any CPU
		{98D570E4-BA5B-9686-1B23-6425C8BA0E95}.Release|Any CPU.Build.0 = Release|Any CPU
		{E5405C5E-E7E0-E2F3-A0BA-AE55A26A3EF9}.Debug|Any CPU.ActiveCfg = Debug|Any CPU
		{E5405C5E-E7E0-E2F3-A0BA-AE55A26A3EF9}.Debug|Any CPU.Build.0 = Debug|Any CPU
		{E5405C5E-E7E0-E2F3-A0BA-AE55A26A3EF9}.Release|Any CPU.ActiveCfg = Release|Any CPU
		{E5405C5E-E7E0-E2F3-A0BA-AE55A26A3EF9}.Release|Any CPU.Build.0 = Release|Any CPU
		{B8A8C908-5FD3-E000-3977-C730E801BCCD}.Debug|Any CPU.ActiveCfg = Debug|Any CPU
		{B8A8C908-5FD3-E000-3977-C730E801BCCD}.Debug|Any CPU.Build.0 = Debug|Any CPU
		{B8A8C908-5FD3-E000-3977-C730E801BCCD}.Release|Any CPU.ActiveCfg = Release|Any CPU
		{B8A8C908-5FD3-E000-3977-C730E801BCCD}.Release|Any CPU.Build.0 = Release|Any CPU
		{6BDDCB0D-9AF4-50B3-48F1-9471981F5743}.Debug|Any CPU.ActiveCfg = Debug|Any CPU
		{6BDDCB0D-9AF4-50B3-48F1-9471981F5743}.Debug|Any CPU.Build.0 = Debug|Any CPU
		{6BDDCB0D-9AF4-50B3-48F1-9471981F5743}.Release|Any CPU.ActiveCfg = Release|Any CPU
		{6BDDCB0D-9AF4-50B3-48F1-9471981F5743}.Release|Any CPU.Build.0 = Release|Any CPU
	EndGlobalSection
	GlobalSection(SolutionProperties) = preSolution
		HideSolutionNode = FALSE
	EndGlobalSection
EndGlobal
